
Microsoft Visual Studio Solution File, Format Version 12.00
# Visual Studio 15
VisualStudioVersion = 15.0.27130.2020
MinimumVisualStudioVersion = 10.0.40219.1
Project("{2150E333-8FDC-42A3-9474-1A3956D46DE8}") = "Schemas", "Schemas", "{055E8985-14F3-40BC-A9D6-AC7C64A73D0E}"
	ProjectSection(SolutionItems) = preProject
		..\OfficeProvisioningSchema-0.5.xsd = ..\OfficeProvisioningSchema-0.5.xsd
		..\ProvisioningSchema-2015-05.md = ..\ProvisioningSchema-2015-05.md
		ProvisioningSchema-2015-05.xsd = ProvisioningSchema-2015-05.xsd
		ProvisioningSchema-2015-08.xsd = ProvisioningSchema-2015-08.xsd
		ProvisioningSchema-2015-12.xsd = ProvisioningSchema-2015-12.xsd
		ProvisioningSchema-2016-05.xsd = ProvisioningSchema-2016-05.xsd
		ProvisioningSchema-2017-05.xsd = ProvisioningSchema-2017-05.xsd
		ProvisioningSchema-2018-01.xsd = ProvisioningSchema-2018-01.xsd
		ProvisioningSchema-2018-05.xsd = ProvisioningSchema-2018-05.xsd
		ProvisioningSchema-vNext.xsd = ProvisioningSchema-vNext.xsd
	EndProjectSection
EndProject
Project("{2150E333-8FDC-42A3-9474-1A3956D46DE8}") = "Samples", "Samples", "{892C6DE1-A055-4D22-912C-E7056977AF98}"
	ProjectSection(SolutionItems) = preProject
		..\Samples\ExportedSiteExample.xml = ..\Samples\ExportedSiteExample.xml
		..\Samples\ProvisioningSchema-2015-05-FullSample-01.xml = ..\Samples\ProvisioningSchema-2015-05-FullSample-01.xml
		..\Samples\ProvisioningSchema-2015-05-ReferenceSample-01.xml = ..\Samples\ProvisioningSchema-2015-05-ReferenceSample-01.xml
		..\Samples\ProvisioningSchema-2015-08-FullSample-02.xml = ..\Samples\ProvisioningSchema-2015-08-FullSample-02.xml
		..\Samples\ProvisioningSchema-2015-12-FullSample-02.xml = ..\Samples\ProvisioningSchema-2015-12-FullSample-02.xml
		..\Samples\ProvisioningSchema-2016-05-DirectorySample.xml = ..\Samples\ProvisioningSchema-2016-05-DirectorySample.xml
		..\Samples\ProvisioningSchema-2016-05-FullSample-02.xml = ..\Samples\ProvisioningSchema-2016-05-FullSample-02.xml
		..\Samples\ProvisioningSchema-2017-05-FullSample-01.xml = ..\Samples\ProvisioningSchema-2017-05-FullSample-01.xml
		..\Samples\ProvisioningSchema-2018-01-FullSample-01.xml = ..\Samples\ProvisioningSchema-2018-01-FullSample-01.xml
		..\Samples\ProvisioningSchema-2018-05-FullSample-01.xml = ..\Samples\ProvisioningSchema-2018-05-FullSample-01.xml
		SampleWorkflow.xaml = SampleWorkflow.xaml
	EndProjectSection
EndProject
Global
	GlobalSection(SolutionProperties) = preSolution
		HideSolutionNode = FALSE
	EndGlobalSection
	GlobalSection(ExtensibilityGlobals) = postSolution
		SolutionGuid = {113B514E-8A68-4122-9F63-D1E38DD27B14}
	EndGlobalSection
EndGlobal
